<?xml version="1.0" encoding="utf-8"?>
<Project ToolsVersion="4.0" xmlns="http://schemas.microsoft.com/developer/msbuild/2003">
  <ItemGroup>
    <Filter Include="Source Files">
      <UniqueIdentifier>{4FC737F1-C7A5-4376-A066-2A32D752A2FF}</UniqueIdentifier>
      <Extensions>cpp;c;cc;cxx;def;odl;idl;hpj;bat;asm;asmx</Extensions>
    </Filter>
    <Filter Include="Header Files">
      <UniqueIdentifier>{93995380-89BD-4b04-88EB-625FBE52EBFB}</UniqueIdentifier>
      <Extensions>h;hpp;hxx;hm;inl;inc;xsd</Extensions>
    </Filter>
    <Filter Include="Resource Files">
      <UniqueIdentifier>{67DA6AB6-F800-4c08-8B7A-83BB121AAD01}</UniqueIdentifier>
      <Extensions>rc;ico;cur;bmp;dlg;rc2;rct;bin;rgs;gif;jpg;jpeg;jpe;resx;tiff;tif;png;wav;mfcribbon-ms</Extensions>
    </Filter>
  </ItemGroup>
  <ItemGroup>
    <ClCompile Include="hello world.cpp">
      <Filter>Source Files</Filter>
    </ClCompile>
    <ClCompile Include="sum of 2 no.cpp">
      <Filter>Source Files</Filter>
    </ClCompile>
    <ClCompile Include="multi of 2 no.cpp">
      <Filter>Source Files</Filter>
    </ClCompile>
    <ClCompile Include="div of 2 no.cpp">
      <Filter>Source Files</Filter>
    </ClCompile>
    <ClCompile Include="sub of 2 no.cpp">
      <Filter>Source Files</Filter>
    </ClCompile>
    <ClCompile Include="scanf.cpp">
      <Filter>Source Files</Filter>
    </ClCompile>
    <ClCompile Include="prefix.cpp">
      <Filter>Source Files</Filter>
    </ClCompile>
    <ClCompile Include="wap hexagone.cpp">
      <Filter>Source Files</Filter>
    </ClCompile>
    <ClCompile Include="percentage of student.cpp">
      <Filter>Source Files</Filter>
    </ClCompile>
    <ClCompile Include="if else.cpp">
      <Filter>Source Files</Filter>
    </ClCompile>
    <ClCompile Include="even odd.cpp">
      <Filter>Source Files</Filter>
    </ClCompile>
    <ClCompile Include="tirangle amgle.cpp">
      <Filter>Source Files</Filter>
    </ClCompile>
    <ClCompile Include="nested if else.cpp">
      <Filter>Source Files</Filter>
    </ClCompile>
    <ClCompile Include="single digit.cpp">
      <Filter>Source Files</Filter>
    </ClCompile>
    <ClCompile Include="else if ladder.cpp">
      <Filter>Source Files</Filter>
    </ClCompile>
    <ClCompile Include="isosceles.cpp">
      <Filter>Source Files</Filter>
    </ClCompile>
    <ClCompile Include="shape.cpp">
      <Filter>Source Files</Filter>
    </ClCompile>
    <ClCompile Include="calculater.cpp">
      <Filter>Source Files</Filter>
    </ClCompile>
    <ClCompile Include="while loop.cpp">
      <Filter>Source Files</Filter>
    </ClCompile>
    <ClCompile Include="while all no.cpp">
      <Filter>Source Files</Filter>
    </ClCompile>
    <ClCompile Include="while sum.cpp">
      <Filter>Source Files</Filter>
    </ClCompile>
    <ClCompile Include="while 3time.cpp">
      <Filter>Source Files</Filter>
    </ClCompile>
    <ClCompile Include="loop 1 to 10.cpp">
      <Filter>Source Files</Filter>
    </ClCompile>
    <ClCompile Include="20 stars loop.cpp">
      <Filter>Source Files</Filter>
    </ClCompile>
    <ClCompile Include="even odd loop.cpp">
      <Filter>Source Files</Filter>
    </ClCompile>
    <ClCompile Include="fact loop.cpp">
      <Filter>Source Files</Filter>
    </ClCompile>
    <ClCompile Include="4 digit loop.cpp">
      <Filter>Source Files</Filter>
    </ClCompile>
    <ClCompile Include="3 do while loop.cpp">
      <Filter>Source Files</Filter>
    </ClCompile>
    <ClCompile Include="prime  do while loop.cpp">
      <Filter>Source Files</Filter>
    </ClCompile>
    <ClCompile Include="menu driven loop.cpp">
      <Filter>Source Files</Filter>
    </ClCompile>
    <ClCompile Include="netsed for loop.cpp">
      <Filter>Source Files</Filter>
    </ClCompile>
    <ClCompile Include="NESTED LOOP 2.cpp">
      <Filter>Source Files</Filter>
    </ClCompile>
    <ClCompile Include="function call.cpp">
      <Filter>Source Files</Filter>
    </ClCompile>
    <ClCompile Include="swap no.cpp">
      <Filter>Source Files</Filter>
    </ClCompile>
    <ClCompile Include="area and circum.cpp">
      <Filter>Source Files</Filter>
    </ClCompile>
    <ClCompile Include="wap even or odd.cpp">
      <Filter>Source Files</Filter>
    </ClCompile>
    <ClCompile Include="wap 10 natural.cpp">
      <Filter>Source Files</Filter>
    </ClCompile>
    <ClCompile Include="recursive function.cpp">
      <Filter>Source Files</Filter>
    </ClCompile>
    <ClCompile Include="preprocessor.cpp">
      <Filter>Source Files</Filter>
    </ClCompile>
    <ClCompile Include="cube of preprocessr.cpp">
      <Filter>Source Files</Filter>
    </ClCompile>
    <ClCompile Include="iselifelse.cpp">
      <Filter>Source Files</Filter>
    </ClCompile>
    <ClCompile Include="ifdefelseendif.cpp">
      <Filter>Source Files</Filter>
    </ClCompile>
    <ClCompile Include="ifndefelseendif.cpp">
      <Filter>Source Files</Filter>
    </ClCompile>
    <ClCompile Include="misc program.cpp">
      <Filter>Source Files</Filter>
    </ClCompile>
    <ClCompile Include="array 5 elements.cpp">
      <Filter>Source Files</Filter>
    </ClCompile>
    <ClCompile Include="array 5.cpp">
      <Filter>Source Files</Filter>
    </ClCompile>
    <ClCompile Include="array display and accept.cpp">
      <Filter>Source Files</Filter>
    </ClCompile>
    <ClCompile Include="array pointer.cpp">
      <Filter>Source Files</Filter>
    </ClCompile>
    <ClCompile Include="array arithmatic.cpp">
      <Filter>Source Files</Filter>
    </ClCompile>
  </ItemGroup>
</Project>